
Microsoft Visual Studio Solution File, Format Version 12.00
# Visual Studio Version 17
VisualStudioVersion = 17.2.32602.215
MinimumVisualStudioVersion = 10.0.40219.1
Project("{FAE04EC0-301F-11D3-BF4B-00C04F79EFBC}") = "UdemyCertificationsComputerScience", "UdemyCertificationsComputerScience\UdemyCertificationsComputerScience.csproj", "{5FACFCF7-F1AA-4216-A9A8-5B4D0AFD582D}"
EndProject
Global
	GlobalSection(SolutionConfigurationPlatforms) = preSolution
		Debug|Any CPU = Debug|Any CPU
		Release|Any CPU = Release|Any CPU
	EndGlobalSection
	GlobalSection(ProjectConfigurationPlatforms) = postSolution
		{5FACFCF7-F1AA-4216-A9A8-5B4D0AFD582D}.Debug|Any CPU.ActiveCfg = Debug|Any CPU
		{5FACFCF7-F1AA-4216-A9A8-5B4D0AFD582D}.Debug|Any CPU.Build.0 = Debug|Any CPU
		{5FACFCF7-F1AA-4216-A9A8-5B4D0AFD582D}.Release|Any CPU.ActiveCfg = Release|Any CPU
		{5FACFCF7-F1AA-4216-A9A8-5B4D0AFD582D}.Release|Any CPU.Build.0 = Release|Any CPU
	EndGlobalSection
	GlobalSection(SolutionProperties) = preSolution
		HideSolutionNode = FALSE
	EndGlobalSection
	GlobalSection(ExtensibilityGlobals) = postSolution
		SolutionGuid = {7FB681FE-492E-4F17-84B9-BCE0284A9173}
	EndGlobalSection
EndGlobal
